
Microsoft Visual Studio Solution File, Format Version 12.00
# Visual Studio Version 17
VisualStudioVersion = 17.0.31903.59
MinimumVisualStudioVersion = 10.0.40219.1
Project("{FAE04EC0-301F-11D3-BF4B-00C04F79EFBC}") = "kafka", "kafka\kafka.csproj", "{1535814A-D884-41A7-91A3-BFAD00C14CE4}"
EndProject
Global
	GlobalSection(SolutionConfigurationPlatforms) = preSolution
		Debug|Any CPU = Debug|Any CPU
		Release|Any CPU = Release|Any CPU
	EndGlobalSection
	GlobalSection(ProjectConfigurationPlatforms) = postSolution
		{1535814A-D884-41A7-91A3-BFAD00C14CE4}.Debug|Any CPU.ActiveCfg = Debug|Any CPU
		{1535814A-D884-41A7-91A3-BFAD00C14CE4}.Debug|Any CPU.Build.0 = Debug|Any CPU
		{1535814A-D884-41A7-91A3-BFAD00C14CE4}.Release|Any CPU.ActiveCfg = Release|Any CPU
		{1535814A-D884-41A7-91A3-BFAD00C14CE4}.Release|Any CPU.Build.0 = Release|Any CPU
	EndGlobalSection
	GlobalSection(SolutionProperties) = preSolution
		HideSolutionNode = FALSE
	EndGlobalSection
	GlobalSection(ExtensibilityGlobals) = postSolution
		SolutionGuid = {6A219C80-8826-421D-AFCD-A4F9D2F805EA}
	EndGlobalSection
EndGlobal
